{
  "name": "btch-downloader",
  "version": "4.1.26",
  "lockfileVersion": 3,
  "requires": true,
  "packages": {
    "": {
      "name": "btch-downloader",
      "version": "4.1.26",
      "license": "MIT",
      "dependencies": {
        "lodash": "^4.17.21",
        "undici-types": "^7.10.0"
      },
      "devDependencies": {
        "@types/node": "^24.3.0",
        "docdash": "^2.0.2",
        "typescript": "^5.2.2"
      }
    },
    "node_modules/@jsdoc/salty": {
      "version": "0.2.9",
      "resolved": "https://registry.npmjs.org/@jsdoc/salty/-/salty-0.2.9.tgz",
      "integrity": "sha512-yYxMVH7Dqw6nO0d5NIV8OQWnitU8k6vXH8NtgqAfIa/IUqRMxRv/NUJJ08VEKbAakwxlgBl5PJdrU0dMPStsnw==",
      "dev": true,
      "license": "Apache-2.0",
      "dependencies": {
        "lodash": "^4.17.21"
      },
      "engines": {
        "node": ">=v12.0.0"
      }
    },
    "node_modules/@types/node": {
      "version": "24.3.0",
      "resolved": "https://registry.npmjs.org/@types/node/-/node-24.3.0.tgz",
      "integrity": "sha512-aPTXCrfwnDLj4VvXrm+UUCQjNEvJgNA8s5F1cvwQU+3KNltTOkBm1j30uNLyqqPNe7gE3KFzImYoZEfLhp4Yow==",
      "dev": true,
      "license": "MIT",
      "dependencies": {
        "undici-types": "~7.10.0"
      }
    },
    "node_modules/@types/node/node_modules/undici-types": {
      "version": "7.10.0",
      "resolved": "https://registry.npmjs.org/undici-types/-/undici-types-7.10.0.tgz",
      "integrity": "sha512-t5Fy/nfn+14LuOc2KNYg75vZqClpAiqscVvMygNnlsHBFpSXdJaYtXMcdNLpl/Qvc3P2cB3s6lOV51nqsFq4ag==",
      "dev": true,
      "license": "MIT"
    },
    "node_modules/docdash": {
      "version": "2.0.2",
      "resolved": "https://registry.npmjs.org/docdash/-/docdash-2.0.2.tgz",
      "integrity": "sha512-3SDDheh9ddrwjzf6dPFe1a16M6ftstqTNjik2+1fx46l24H9dD2osT2q9y+nBEC1wWz4GIqA48JmicOLQ0R8xA==",
      "dev": true,
      "license": "Apache-2.0",
      "dependencies": {
        "@jsdoc/salty": "^0.2.1"
      }
    },
    "node_modules/lodash": {
      "version": "4.17.21",
      "resolved": "https://registry.npmjs.org/lodash/-/lodash-4.17.21.tgz",
      "integrity": "sha512-v2kDEe57lecTulaDIuNTPy3Ry4gLGJ6Z1O3vE1krgXZNrsQ+LFTGHVxVjcXPs17LhbZVGedAJv8XZ1tvj5FvSg==",
      "license": "MIT"
    },
    "node_modules/typescript": {
      "version": "5.9.2",
      "resolved": "https://registry.npmjs.org/typescript/-/typescript-5.9.2.tgz",
      "integrity": "sha512-CWBzXQrc/qOkhidw1OzBTQuYRbfyxDXJMVJ1XNwUHGROVmuaeiEm3OslpZ1RV96d7SKKjZKrSJu3+t/xlw3R9A==",
      "dev": true,
      "license": "Apache-2.0",
      "bin": {
        "tsc": "bin/tsc",
        "tsserver": "bin/tsserver"
      },
      "engines": {
        "node": ">=14.17"
      }
    },
    "node_modules/undici-types": {
      "version": "7.15.0",
      "resolved": "https://registry.npmjs.org/undici-types/-/undici-types-7.15.0.tgz",
      "integrity": "sha512-Xyn5T99wU4kPhLZMm+ElE6M+IoSeG8Se7eG9xoZ82ZgVHJ07wb/IWcDZeXe2GOPkavcJ8ko5oSlXMDRl/QgY9Q==",
      "license": "MIT"
    }
  }
}
